
Microsoft Visual Studio Solution File, Format Version 12.00
# Visual Studio 15
VisualStudioVersion = 15.0.27130.2027
MinimumVisualStudioVersion = 10.0.40219.1
Project("{FAE04EC0-301F-11D3-BF4B-00C04F79EFBC}") = "MCS-Extractor", "MCS-Extractor\MCS-Extractor.csproj", "{84B9461A-4C3B-4846-99F1-0759534F06A6}"
EndProject
Project("{930C7802-8A8C-48F9-8165-68863BCCD9DD}") = "MCS-Extractor-Installer", "MCS-Extractor-Installer\MCS-Extractor-Installer.wixproj", "{708CFC24-30DB-44DB-8372-017CC3F92789}"
EndProject
Project("{930C7802-8A8C-48F9-8165-68863BCCD9DD}") = "MCS-Extractor-Bootstrapper", "MCS-Extractor-Bootstrapper\MCS-Extractor-Bootstrapper.wixproj", "{305440D3-90DB-4656-90FB-9C5A7BB72ED3}"
EndProject
Global
	GlobalSection(SolutionConfigurationPlatforms) = preSolution
		Debug|Any CPU = Debug|Any CPU
		Debug|x86 = Debug|x86
		Release|Any CPU = Release|Any CPU
		Release|x86 = Release|x86
	EndGlobalSection
	GlobalSection(ProjectConfigurationPlatforms) = postSolution
		{84B9461A-4C3B-4846-99F1-0759534F06A6}.Debug|Any CPU.ActiveCfg = Debug|Any CPU
		{84B9461A-4C3B-4846-99F1-0759534F06A6}.Debug|Any CPU.Build.0 = Debug|Any CPU
		{84B9461A-4C3B-4846-99F1-0759534F06A6}.Debug|x86.ActiveCfg = Debug|Any CPU
		{84B9461A-4C3B-4846-99F1-0759534F06A6}.Debug|x86.Build.0 = Debug|Any CPU
		{84B9461A-4C3B-4846-99F1-0759534F06A6}.Release|Any CPU.ActiveCfg = Release|Any CPU
		{84B9461A-4C3B-4846-99F1-0759534F06A6}.Release|Any CPU.Build.0 = Release|Any CPU
		{84B9461A-4C3B-4846-99F1-0759534F06A6}.Release|x86.ActiveCfg = Release|Any CPU
		{84B9461A-4C3B-4846-99F1-0759534F06A6}.Release|x86.Build.0 = Release|Any CPU
		{708CFC24-30DB-44DB-8372-017CC3F92789}.Debug|Any CPU.ActiveCfg = Debug|x86
		{708CFC24-30DB-44DB-8372-017CC3F92789}.Debug|x86.ActiveCfg = Debug|x86
		{708CFC24-30DB-44DB-8372-017CC3F92789}.Debug|x86.Build.0 = Debug|x86
		{708CFC24-30DB-44DB-8372-017CC3F92789}.Release|Any CPU.ActiveCfg = Release|x86
		{708CFC24-30DB-44DB-8372-017CC3F92789}.Release|x86.ActiveCfg = Release|x86
		{708CFC24-30DB-44DB-8372-017CC3F92789}.Release|x86.Build.0 = Release|x86
		{305440D3-90DB-4656-90FB-9C5A7BB72ED3}.Debug|Any CPU.ActiveCfg = Debug|x86
		{305440D3-90DB-4656-90FB-9C5A7BB72ED3}.Debug|x86.ActiveCfg = Debug|x86
		{305440D3-90DB-4656-90FB-9C5A7BB72ED3}.Debug|x86.Build.0 = Debug|x86
		{305440D3-90DB-4656-90FB-9C5A7BB72ED3}.Release|Any CPU.ActiveCfg = Release|x86
		{305440D3-90DB-4656-90FB-9C5A7BB72ED3}.Release|x86.ActiveCfg = Release|x86
		{305440D3-90DB-4656-90FB-9C5A7BB72ED3}.Release|x86.Build.0 = Release|x86
	EndGlobalSection
	GlobalSection(SolutionProperties) = preSolution
		HideSolutionNode = FALSE
	EndGlobalSection
	GlobalSection(ExtensibilityGlobals) = postSolution
		SolutionGuid = {F9C0B252-4053-44F6-9BF8-FD1B6C01C9A6}
	EndGlobalSection
EndGlobal
